
Microsoft Visual Studio Solution File, Format Version 12.00
# Visual Studio Version 17
VisualStudioVersion = 17.0.31903.59
MinimumVisualStudioVersion = 10.0.40219.1
Project("{2150E333-8FDC-42A3-9474-1A3956D46DE8}") = "src", "src", "{827E0CD3-B72D-47B6-A68D-7590B98EB39B}"
EndProject
Project("{2150E333-8FDC-42A3-9474-1A3956D46DE8}") = "ConvoContentBuddy.AppHost", "ConvoContentBuddy.AppHost", "{50EED506-A57C-2EBE-97B9-AE0368A43C8D}"
EndProject
Project("{FAE04EC0-301F-11D3-BF4B-00C04F79EFBC}") = "ConvoContentBuddy.AppHost", "src\ConvoContentBuddy.AppHost\ConvoContentBuddy.AppHost.csproj", "{A201A9FA-1C2E-4C8D-BAB9-6A6525823367}"
EndProject
Project("{2150E333-8FDC-42A3-9474-1A3956D46DE8}") = "ConvoContentBuddy.ServiceDefaults", "ConvoContentBuddy.ServiceDefaults", "{5934EA6D-A811-CFDE-8429-4D54D11BF120}"
EndProject
Project("{FAE04EC0-301F-11D3-BF4B-00C04F79EFBC}") = "ConvoContentBuddy.ServiceDefaults", "src\ConvoContentBuddy.ServiceDefaults\ConvoContentBuddy.ServiceDefaults.csproj", "{F513EEAD-5AE7-46AA-8D80-A2AFD7C2F31E}"
EndProject
Project("{2150E333-8FDC-42A3-9474-1A3956D46DE8}") = "ConvoContentBuddy.API.Brain", "ConvoContentBuddy.API.Brain", "{65355410-F09A-C30D-055D-B326EBE4C77C}"
EndProject
Project("{FAE04EC0-301F-11D3-BF4B-00C04F79EFBC}") = "ConvoContentBuddy.API.Brain", "src\ConvoContentBuddy.API.Brain\ConvoContentBuddy.API.Brain.csproj", "{B23D8762-1726-4B76-9CA5-7A36920248D8}"
EndProject
Project("{2150E333-8FDC-42A3-9474-1A3956D46DE8}") = "ConvoContentBuddy.API.Transcription", "ConvoContentBuddy.API.Transcription", "{322911BB-C8B5-4EA6-E431-018554FAABDF}"
EndProject
Project("{FAE04EC0-301F-11D3-BF4B-00C04F79EFBC}") = "ConvoContentBuddy.API.Transcription", "src\ConvoContentBuddy.API.Transcription\ConvoContentBuddy.API.Transcription.csproj", "{AF592556-2944-494B-A426-E0A804B0BF99}"
EndProject
Project("{2150E333-8FDC-42A3-9474-1A3956D46DE8}") = "ConvoContentBuddy.API.VectorSearch", "ConvoContentBuddy.API.VectorSearch", "{0884A84C-59C3-00E0-F481-7DC547306977}"
EndProject
Project("{FAE04EC0-301F-11D3-BF4B-00C04F79EFBC}") = "ConvoContentBuddy.API.VectorSearch", "src\ConvoContentBuddy.API.VectorSearch\ConvoContentBuddy.API.VectorSearch.csproj", "{C9CF944E-96AC-41C4-A5A8-6F0F2CE6CF4C}"
EndProject
Project("{2150E333-8FDC-42A3-9474-1A3956D46DE8}") = "ConvoContentBuddy.API.Gateway", "ConvoContentBuddy.API.Gateway", "{21DD1733-87DE-D5F1-81B6-815A60C7BA5A}"
EndProject
Project("{FAE04EC0-301F-11D3-BF4B-00C04F79EFBC}") = "ConvoContentBuddy.API.Gateway", "src\ConvoContentBuddy.API.Gateway\ConvoContentBuddy.API.Gateway.csproj", "{AB4B223D-3173-4DA5-8BF2-3D1844B26524}"
EndProject
Project("{2150E333-8FDC-42A3-9474-1A3956D46DE8}") = "ConvoContentBuddy.UI.Web", "ConvoContentBuddy.UI.Web", "{050B5890-CD07-294C-7092-4F0E01DF5F01}"
EndProject
Project("{FAE04EC0-301F-11D3-BF4B-00C04F79EFBC}") = "ConvoContentBuddy.UI.Web", "src\ConvoContentBuddy.UI.Web\ConvoContentBuddy.UI.Web.csproj", "{381DF709-C3F5-4889-B77C-17D1E26C389F}"
EndProject
Project("{2150E333-8FDC-42A3-9474-1A3956D46DE8}") = "ConvoContentBuddy.Data.Seeder", "ConvoContentBuddy.Data.Seeder", "{2003FD8D-E4E4-73A5-D619-686A9A338F52}"
EndProject
Project("{FAE04EC0-301F-11D3-BF4B-00C04F79EFBC}") = "ConvoContentBuddy.Data.Seeder", "src\ConvoContentBuddy.Data.Seeder\ConvoContentBuddy.Data.Seeder.csproj", "{E88E6C35-8A3D-4002-A123-D292E1C943A1}"
EndProject
Project("{2150E333-8FDC-42A3-9474-1A3956D46DE8}") = "ConvoContentBuddy.Shared", "ConvoContentBuddy.Shared", "{B89EB125-4DB0-75EE-62FA-A40A70383E8C}"
EndProject
Project("{FAE04EC0-301F-11D3-BF4B-00C04F79EFBC}") = "ConvoContentBuddy.Shared", "src\ConvoContentBuddy.Shared\ConvoContentBuddy.Shared.csproj", "{841DE9F4-89A8-4AB7-87BF-D05C71E5AEA3}"
EndProject
Project("{2150E333-8FDC-42A3-9474-1A3956D46DE8}") = "tests", "tests", "{0AB3BF05-4346-4AA6-1389-037BE0695223}"
EndProject
Project("{2150E333-8FDC-42A3-9474-1A3956D46DE8}") = "ConvoContentBuddy.API.Brain.Tests", "ConvoContentBuddy.API.Brain.Tests", "{343EE983-EC31-C64E-A282-9D6B056B669B}"
EndProject
Project("{FAE04EC0-301F-11D3-BF4B-00C04F79EFBC}") = "ConvoContentBuddy.API.Brain.Tests", "tests\ConvoContentBuddy.API.Brain.Tests\ConvoContentBuddy.API.Brain.Tests\ConvoContentBuddy.API.Brain.Tests.csproj", "{14B70660-9088-4ED7-8DFF-F396A37D14E1}"
EndProject
Project("{2150E333-8FDC-42A3-9474-1A3956D46DE8}") = "ConvoContentBuddy.UI.Web.Tests", "ConvoContentBuddy.UI.Web.Tests", "{DCAC3931-0904-50D7-8020-17720DD92A10}"
EndProject
Project("{FAE04EC0-301F-11D3-BF4B-00C04F79EFBC}") = "ConvoContentBuddy.UI.Web.Tests", "tests\ConvoContentBuddy.UI.Web.Tests\ConvoContentBuddy.UI.Web.Tests\ConvoContentBuddy.UI.Web.Tests.csproj", "{9A0377A5-387A-48D4-8ED8-DEE8E9A60666}"
EndProject
Project("{2150E333-8FDC-42A3-9474-1A3956D46DE8}") = "ConvoContentBuddy.Integration.Tests", "ConvoContentBuddy.Integration.Tests", "{179429BE-50A0-DCBF-958D-C6331441A6DE}"
EndProject
Project("{FAE04EC0-301F-11D3-BF4B-00C04F79EFBC}") = "ConvoContentBuddy.Integration.Tests", "tests\ConvoContentBuddy.Integration.Tests\ConvoContentBuddy.Integration.Tests\ConvoContentBuddy.Integration.Tests.csproj", "{3192BEDE-62EE-46B3-B6E5-0E0F339C0150}"
EndProject
Global
	GlobalSection(SolutionConfigurationPlatforms) = preSolution
		Debug|Any CPU = Debug|Any CPU
		Debug|x64 = Debug|x64
		Debug|x86 = Debug|x86
		Release|Any CPU = Release|Any CPU
		Release|x64 = Release|x64
		Release|x86 = Release|x86
	EndGlobalSection
	GlobalSection(ProjectConfigurationPlatforms) = postSolution
		{A201A9FA-1C2E-4C8D-BAB9-6A6525823367}.Debug|Any CPU.ActiveCfg = Debug|Any CPU
		{A201A9FA-1C2E-4C8D-BAB9-6A6525823367}.Debug|Any CPU.Build.0 = Debug|Any CPU
		{A201A9FA-1C2E-4C8D-BAB9-6A6525823367}.Debug|x64.ActiveCfg = Debug|Any CPU
		{A201A9FA-1C2E-4C8D-BAB9-6A6525823367}.Debug|x64.Build.0 = Debug|Any CPU
		{A201A9FA-1C2E-4C8D-BAB9-6A6525823367}.Debug|x86.ActiveCfg = Debug|Any CPU
		{A201A9FA-1C2E-4C8D-BAB9-6A6525823367}.Debug|x86.Build.0 = Debug|Any CPU
		{A201A9FA-1C2E-4C8D-BAB9-6A6525823367}.Release|Any CPU.ActiveCfg = Release|Any CPU
		{A201A9FA-1C2E-4C8D-BAB9-6A6525823367}.Release|Any CPU.Build.0 = Release|Any CPU
		{A201A9FA-1C2E-4C8D-BAB9-6A6525823367}.Release|x64.ActiveCfg = Release|Any CPU
		{A201A9FA-1C2E-4C8D-BAB9-6A6525823367}.Release|x64.Build.0 = Release|Any CPU
		{A201A9FA-1C2E-4C8D-BAB9-6A6525823367}.Release|x86.ActiveCfg = Release|Any CPU
		{A201A9FA-1C2E-4C8D-BAB9-6A6525823367}.Release|x86.Build.0 = Release|Any CPU
		{F513EEAD-5AE7-46AA-8D80-A2AFD7C2F31E}.Debug|Any CPU.ActiveCfg = Debug|Any CPU
		{F513EEAD-5AE7-46AA-8D80-A2AFD7C2F31E}.Debug|Any CPU.Build.0 = Debug|Any CPU
		{F513EEAD-5AE7-46AA-8D80-A2AFD7C2F31E}.Debug|x64.ActiveCfg = Debug|Any CPU
		{F513EEAD-5AE7-46AA-8D80-A2AFD7C2F31E}.Debug|x64.Build.0 = Debug|Any CPU
		{F513EEAD-5AE7-46AA-8D80-A2AFD7C2F31E}.Debug|x86.ActiveCfg = Debug|Any CPU
		{F513EEAD-5AE7-46AA-8D80-A2AFD7C2F31E}.Debug|x86.Build.0 = Debug|Any CPU
		{F513EEAD-5AE7-46AA-8D80-A2AFD7C2F31E}.Release|Any CPU.ActiveCfg = Release|Any CPU
		{F513EEAD-5AE7-46AA-8D80-A2AFD7C2F31E}.Release|Any CPU.Build.0 = Release|Any CPU
		{F513EEAD-5AE7-46AA-8D80-A2AFD7C2F31E}.Release|x64.ActiveCfg = Release|Any CPU
		{F513EEAD-5AE7-46AA-8D80-A2AFD7C2F31E}.Release|x64.Build.0 = Release|Any CPU
		{F513EEAD-5AE7-46AA-8D80-A2AFD7C2F31E}.Release|x86.ActiveCfg = Release|Any CPU
		{F513EEAD-5AE7-46AA-8D80-A2AFD7C2F31E}.Release|x86.Build.0 = Release|Any CPU
		{B23D8762-1726-4B76-9CA5-7A36920248D8}.Debug|Any CPU.ActiveCfg = Debug|Any CPU
		{B23D8762-1726-4B76-9CA5-7A36920248D8}.Debug|Any CPU.Build.0 = Debug|Any CPU
		{B23D8762-1726-4B76-9CA5-7A36920248D8}.Debug|x64.ActiveCfg = Debug|Any CPU
		{B23D8762-1726-4B76-9CA5-7A36920248D8}.Debug|x64.Build.0 = Debug|Any CPU
		{B23D8762-1726-4B76-9CA5-7A36920248D8}.Debug|x86.ActiveCfg = Debug|Any CPU
		{B23D8762-1726-4B76-9CA5-7A36920248D8}.Debug|x86.Build.0 = Debug|Any CPU
		{B23D8762-1726-4B76-9CA5-7A36920248D8}.Release|Any CPU.ActiveCfg = Release|Any CPU
		{B23D8762-1726-4B76-9CA5-7A36920248D8}.Release|Any CPU.Build.0 = Release|Any CPU
		{B23D8762-1726-4B76-9CA5-7A36920248D8}.Release|x64.ActiveCfg = Release|Any CPU
		{B23D8762-1726-4B76-9CA5-7A36920248D8}.Release|x64.Build.0 = Release|Any CPU
		{B23D8762-1726-4B76-9CA5-7A36920248D8}.Release|x86.ActiveCfg = Release|Any CPU
		{B23D8762-1726-4B76-9CA5-7A36920248D8}.Release|x86.Build.0 = Release|Any CPU
		{AF592556-2944-494B-A426-E0A804B0BF99}.Debug|Any CPU.ActiveCfg = Debug|Any CPU
		{AF592556-2944-494B-A426-E0A804B0BF99}.Debug|Any CPU.Build.0 = Debug|Any CPU
		{AF592556-2944-494B-A426-E0A804B0BF99}.Debug|x64.ActiveCfg = Debug|Any CPU
		{AF592556-2944-494B-A426-E0A804B0BF99}.Debug|x64.Build.0 = Debug|Any CPU
		{AF592556-2944-494B-A426-E0A804B0BF99}.Debug|x86.ActiveCfg = Debug|Any CPU
		{AF592556-2944-494B-A426-E0A804B0BF99}.Debug|x86.Build.0 = Debug|Any CPU
		{AF592556-2944-494B-A426-E0A804B0BF99}.Release|Any CPU.ActiveCfg = Release|Any CPU
		{AF592556-2944-494B-A426-E0A804B0BF99}.Release|Any CPU.Build.0 = Release|Any CPU
		{AF592556-2944-494B-A426-E0A804B0BF99}.Release|x64.ActiveCfg = Release|Any CPU
		{AF592556-2944-494B-A426-E0A804B0BF99}.Release|x64.Build.0 = Release|Any CPU
		{AF592556-2944-494B-A426-E0A804B0BF99}.Release|x86.ActiveCfg = Release|Any CPU
		{AF592556-2944-494B-A426-E0A804B0BF99}.Release|x86.Build.0 = Release|Any CPU
		{C9CF944E-96AC-41C4-A5A8-6F0F2CE6CF4C}.Debug|Any CPU.ActiveCfg = Debug|Any CPU
		{C9CF944E-96AC-41C4-A5A8-6F0F2CE6CF4C}.Debug|Any CPU.Build.0 = Debug|Any CPU
		{C9CF944E-96AC-41C4-A5A8-6F0F2CE6CF4C}.Debug|x64.ActiveCfg = Debug|Any CPU
		{C9CF944E-96AC-41C4-A5A8-6F0F2CE6CF4C}.Debug|x64.Build.0 = Debug|Any CPU
		{C9CF944E-96AC-41C4-A5A8-6F0F2CE6CF4C}.Debug|x86.ActiveCfg = Debug|Any CPU
		{C9CF944E-96AC-41C4-A5A8-6F0F2CE6CF4C}.Debug|x86.Build.0 = Debug|Any CPU
		{C9CF944E-96AC-41C4-A5A8-6F0F2CE6CF4C}.Release|Any CPU.ActiveCfg = Release|Any CPU
		{C9CF944E-96AC-41C4-A5A8-6F0F2CE6CF4C}.Release|Any CPU.Build.0 = Release|Any CPU
		{C9CF944E-96AC-41C4-A5A8-6F0F2CE6CF4C}.Release|x64.ActiveCfg = Release|Any CPU
		{C9CF944E-96AC-41C4-A5A8-6F0F2CE6CF4C}.Release|x64.Build.0 = Release|Any CPU
		{C9CF944E-96AC-41C4-A5A8-6F0F2CE6CF4C}.Release|x86.ActiveCfg = Release|Any CPU
		{C9CF944E-96AC-41C4-A5A8-6F0F2CE6CF4C}.Release|x86.Build.0 = Release|Any CPU
		{AB4B223D-3173-4DA5-8BF2-3D1844B26524}.Debug|Any CPU.ActiveCfg = Debug|Any CPU
		{AB4B223D-3173-4DA5-8BF2-3D1844B26524}.Debug|Any CPU.Build.0 = Debug|Any CPU
		{AB4B223D-3173-4DA5-8BF2-3D1844B26524}.Debug|x64.ActiveCfg = Debug|Any CPU
		{AB4B223D-3173-4DA5-8BF2-3D1844B26524}.Debug|x64.Build.0 = Debug|Any CPU
		{AB4B223D-3173-4DA5-8BF2-3D1844B26524}.Debug|x86.ActiveCfg = Debug|Any CPU
		{AB4B223D-3173-4DA5-8BF2-3D1844B26524}.Debug|x86.Build.0 = Debug|Any CPU
		{AB4B223D-3173-4DA5-8BF2-3D1844B26524}.Release|Any CPU.ActiveCfg = Release|Any CPU
		{AB4B223D-3173-4DA5-8BF2-3D1844B26524}.Release|Any CPU.Build.0 = Release|Any CPU
		{AB4B223D-3173-4DA5-8BF2-3D1844B26524}.Release|x64.ActiveCfg = Release|Any CPU
		{AB4B223D-3173-4DA5-8BF2-3D1844B26524}.Release|x64.Build.0 = Release|Any CPU
		{AB4B223D-3173-4DA5-8BF2-3D1844B26524}.Release|x86.ActiveCfg = Release|Any CPU
		{AB4B223D-3173-4DA5-8BF2-3D1844B26524}.Release|x86.Build.0 = Release|Any CPU
		{381DF709-C3F5-4889-B77C-17D1E26C389F}.Debug|Any CPU.ActiveCfg = Debug|Any CPU
		{381DF709-C3F5-4889-B77C-17D1E26C389F}.Debug|Any CPU.Build.0 = Debug|Any CPU
		{381DF709-C3F5-4889-B77C-17D1E26C389F}.Debug|x64.ActiveCfg = Debug|Any CPU
		{381DF709-C3F5-4889-B77C-17D1E26C389F}.Debug|x64.Build.0 = Debug|Any CPU
		{381DF709-C3F5-4889-B77C-17D1E26C389F}.Debug|x86.ActiveCfg = Debug|Any CPU
		{381DF709-C3F5-4889-B77C-17D1E26C389F}.Debug|x86.Build.0 = Debug|Any CPU
		{381DF709-C3F5-4889-B77C-17D1E26C389F}.Release|Any CPU.ActiveCfg = Release|Any CPU
		{381DF709-C3F5-4889-B77C-17D1E26C389F}.Release|Any CPU.Build.0 = Release|Any CPU
		{381DF709-C3F5-4889-B77C-17D1E26C389F}.Release|x64.ActiveCfg = Release|Any CPU
		{381DF709-C3F5-4889-B77C-17D1E26C389F}.Release|x64.Build.0 = Release|Any CPU
		{381DF709-C3F5-4889-B77C-17D1E26C389F}.Release|x86.ActiveCfg = Release|Any CPU
		{381DF709-C3F5-4889-B77C-17D1E26C389F}.Release|x86.Build.0 = Release|Any CPU
		{E88E6C35-8A3D-4002-A123-D292E1C943A1}.Debug|Any CPU.ActiveCfg = Debug|Any CPU
		{E88E6C35-8A3D-4002-A123-D292E1C943A1}.Debug|Any CPU.Build.0 = Debug|Any CPU
		{E88E6C35-8A3D-4002-A123-D292E1C943A1}.Debug|x64.ActiveCfg = Debug|Any CPU
		{E88E6C35-8A3D-4002-A123-D292E1C943A1}.Debug|x64.Build.0 = Debug|Any CPU
		{E88E6C35-8A3D-4002-A123-D292E1C943A1}.Debug|x86.ActiveCfg = Debug|Any CPU
		{E88E6C35-8A3D-4002-A123-D292E1C943A1}.Debug|x86.Build.0 = Debug|Any CPU
		{E88E6C35-8A3D-4002-A123-D292E1C943A1}.Release|Any CPU.ActiveCfg = Release|Any CPU
		{E88E6C35-8A3D-4002-A123-D292E1C943A1}.Release|Any CPU.Build.0 = Release|Any CPU
		{E88E6C35-8A3D-4002-A123-D292E1C943A1}.Release|x64.ActiveCfg = Release|Any CPU
		{E88E6C35-8A3D-4002-A123-D292E1C943A1}.Release|x64.Build.0 = Release|Any CPU
		{E88E6C35-8A3D-4002-A123-D292E1C943A1}.Release|x86.ActiveCfg = Release|Any CPU
		{E88E6C35-8A3D-4002-A123-D292E1C943A1}.Release|x86.Build.0 = Release|Any CPU
		{841DE9F4-89A8-4AB7-87BF-D05C71E5AEA3}.Debug|Any CPU.ActiveCfg = Debug|Any CPU
		{841DE9F4-89A8-4AB7-87BF-D05C71E5AEA3}.Debug|Any CPU.Build.0 = Debug|Any CPU
		{841DE9F4-89A8-4AB7-87BF-D05C71E5AEA3}.Debug|x64.ActiveCfg = Debug|Any CPU
		{841DE9F4-89A8-4AB7-87BF-D05C71E5AEA3}.Debug|x64.Build.0 = Debug|Any CPU
		{841DE9F4-89A8-4AB7-87BF-D05C71E5AEA3}.Debug|x86.ActiveCfg = Debug|Any CPU
		{841DE9F4-89A8-4AB7-87BF-D05C71E5AEA3}.Debug|x86.Build.0 = Debug|Any CPU
		{841DE9F4-89A8-4AB7-87BF-D05C71E5AEA3}.Release|Any CPU.ActiveCfg = Release|Any CPU
		{841DE9F4-89A8-4AB7-87BF-D05C71E5AEA3}.Release|Any CPU.Build.0 = Release|Any CPU
		{841DE9F4-89A8-4AB7-87BF-D05C71E5AEA3}.Release|x64.ActiveCfg = Release|Any CPU
		{841DE9F4-89A8-4AB7-87BF-D05C71E5AEA3}.Release|x64.Build.0 = Release|Any CPU
		{841DE9F4-89A8-4AB7-87BF-D05C71E5AEA3}.Release|x86.ActiveCfg = Release|Any CPU
		{841DE9F4-89A8-4AB7-87BF-D05C71E5AEA3}.Release|x86.Build.0 = Release|Any CPU
		{14B70660-9088-4ED7-8DFF-F396A37D14E1}.Debug|Any CPU.ActiveCfg = Debug|Any CPU
		{14B70660-9088-4ED7-8DFF-F396A37D14E1}.Debug|Any CPU.Build.0 = Debug|Any CPU
		{14B70660-9088-4ED7-8DFF-F396A37D14E1}.Debug|x64.ActiveCfg = Debug|Any CPU
		{14B70660-9088-4ED7-8DFF-F396A37D14E1}.Debug|x64.Build.0 = Debug|Any CPU
		{14B70660-9088-4ED7-8DFF-F396A37D14E1}.Debug|x86.ActiveCfg = Debug|Any CPU
		{14B70660-9088-4ED7-8DFF-F396A37D14E1}.Debug|x86.Build.0 = Debug|Any CPU
		{14B70660-9088-4ED7-8DFF-F396A37D14E1}.Release|Any CPU.ActiveCfg = Release|Any CPU
		{14B70660-9088-4ED7-8DFF-F396A37D14E1}.Release|Any CPU.Build.0 = Release|Any CPU
		{14B70660-9088-4ED7-8DFF-F396A37D14E1}.Release|x64.ActiveCfg = Release|Any CPU
		{14B70660-9088-4ED7-8DFF-F396A37D14E1}.Release|x64.Build.0 = Release|Any CPU
		{14B70660-9088-4ED7-8DFF-F396A37D14E1}.Release|x86.ActiveCfg = Release|Any CPU
		{14B70660-9088-4ED7-8DFF-F396A37D14E1}.Release|x86.Build.0 = Release|Any CPU
		{9A0377A5-387A-48D4-8ED8-DEE8E9A60666}.Debug|Any CPU.ActiveCfg = Debug|Any CPU
		{9A0377A5-387A-48D4-8ED8-DEE8E9A60666}.Debug|Any CPU.Build.0 = Debug|Any CPU
		{9A0377A5-387A-48D4-8ED8-DEE8E9A60666}.Debug|x64.ActiveCfg = Debug|Any CPU
		{9A0377A5-387A-48D4-8ED8-DEE8E9A60666}.Debug|x64.Build.0 = Debug|Any CPU
		{9A0377A5-387A-48D4-8ED8-DEE8E9A60666}.Debug|x86.ActiveCfg = Debug|Any CPU
		{9A0377A5-387A-48D4-8ED8-DEE8E9A60666}.Debug|x86.Build.0 = Debug|Any CPU
		{9A0377A5-387A-48D4-8ED8-DEE8E9A60666}.Release|Any CPU.ActiveCfg = Release|Any CPU
		{9A0377A5-387A-48D4-8ED8-DEE8E9A60666}.Release|Any CPU.Build.0 = Release|Any CPU
		{9A0377A5-387A-48D4-8ED8-DEE8E9A60666}.Release|x64.ActiveCfg = Release|Any CPU
		{9A0377A5-387A-48D4-8ED8-DEE8E9A60666}.Release|x64.Build.0 = Release|Any CPU
		{9A0377A5-387A-48D4-8ED8-DEE8E9A60666}.Release|x86.ActiveCfg = Release|Any CPU
		{9A0377A5-387A-48D4-8ED8-DEE8E9A60666}.Release|x86.Build.0 = Release|Any CPU
		{3192BEDE-62EE-46B3-B6E5-0E0F339C0150}.Debug|Any CPU.ActiveCfg = Debug|Any CPU
		{3192BEDE-62EE-46B3-B6E5-0E0F339C0150}.Debug|Any CPU.Build.0 = Debug|Any CPU
		{3192BEDE-62EE-46B3-B6E5-0E0F339C0150}.Debug|x64.ActiveCfg = Debug|Any CPU
		{3192BEDE-62EE-46B3-B6E5-0E0F339C0150}.Debug|x64.Build.0 = Debug|Any CPU
		{3192BEDE-62EE-46B3-B6E5-0E0F339C0150}.Debug|x86.ActiveCfg = Debug|Any CPU
		{3192BEDE-62EE-46B3-B6E5-0E0F339C0150}.Debug|x86.Build.0 = Debug|Any CPU
		{3192BEDE-62EE-46B3-B6E5-0E0F339C0150}.Release|Any CPU.ActiveCfg = Release|Any CPU
		{3192BEDE-62EE-46B3-B6E5-0E0F339C0150}.Release|Any CPU.Build.0 = Release|Any CPU
		{3192BEDE-62EE-46B3-B6E5-0E0F339C0150}.Release|x64.ActiveCfg = Release|Any CPU
		{3192BEDE-62EE-46B3-B6E5-0E0F339C0150}.Release|x64.Build.0 = Release|Any CPU
		{3192BEDE-62EE-46B3-B6E5-0E0F339C0150}.Release|x86.ActiveCfg = Release|Any CPU
		{3192BEDE-62EE-46B3-B6E5-0E0F339C0150}.Release|x86.Build.0 = Release|Any CPU
	EndGlobalSection
	GlobalSection(SolutionProperties) = preSolution
		HideSolutionNode = FALSE
	EndGlobalSection
	GlobalSection(NestedProjects) = preSolution
		{50EED506-A57C-2EBE-97B9-AE0368A43C8D} = {827E0CD3-B72D-47B6-A68D-7590B98EB39B}
		{A201A9FA-1C2E-4C8D-BAB9-6A6525823367} = {50EED506-A57C-2EBE-97B9-AE0368A43C8D}
		{5934EA6D-A811-CFDE-8429-4D54D11BF120} = {827E0CD3-B72D-47B6-A68D-7590B98EB39B}
		{F513EEAD-5AE7-46AA-8D80-A2AFD7C2F31E} = {5934EA6D-A811-CFDE-8429-4D54D11BF120}
		{65355410-F09A-C30D-055D-B326EBE4C77C} = {827E0CD3-B72D-47B6-A68D-7590B98EB39B}
		{B23D8762-1726-4B76-9CA5-7A36920248D8} = {65355410-F09A-C30D-055D-B326EBE4C77C}
		{322911BB-C8B5-4EA6-E431-018554FAABDF} = {827E0CD3-B72D-47B6-A68D-7590B98EB39B}
		{AF592556-2944-494B-A426-E0A804B0BF99} = {322911BB-C8B5-4EA6-E431-018554FAABDF}
		{0884A84C-59C3-00E0-F481-7DC547306977} = {827E0CD3-B72D-47B6-A68D-7590B98EB39B}
		{C9CF944E-96AC-41C4-A5A8-6F0F2CE6CF4C} = {0884A84C-59C3-00E0-F481-7DC547306977}
		{21DD1733-87DE-D5F1-81B6-815A60C7BA5A} = {827E0CD3-B72D-47B6-A68D-7590B98EB39B}
		{AB4B223D-3173-4DA5-8BF2-3D1844B26524} = {21DD1733-87DE-D5F1-81B6-815A60C7BA5A}
		{050B5890-CD07-294C-7092-4F0E01DF5F01} = {827E0CD3-B72D-47B6-A68D-7590B98EB39B}
		{381DF709-C3F5-4889-B77C-17D1E26C389F} = {050B5890-CD07-294C-7092-4F0E01DF5F01}
		{2003FD8D-E4E4-73A5-D619-686A9A338F52} = {827E0CD3-B72D-47B6-A68D-7590B98EB39B}
		{E88E6C35-8A3D-4002-A123-D292E1C943A1} = {2003FD8D-E4E4-73A5-D619-686A9A338F52}
		{B89EB125-4DB0-75EE-62FA-A40A70383E8C} = {827E0CD3-B72D-47B6-A68D-7590B98EB39B}
		{841DE9F4-89A8-4AB7-87BF-D05C71E5AEA3} = {B89EB125-4DB0-75EE-62FA-A40A70383E8C}
		{343EE983-EC31-C64E-A282-9D6B056B669B} = {0AB3BF05-4346-4AA6-1389-037BE0695223}
		{14B70660-9088-4ED7-8DFF-F396A37D14E1} = {343EE983-EC31-C64E-A282-9D6B056B669B}
		{DCAC3931-0904-50D7-8020-17720DD92A10} = {0AB3BF05-4346-4AA6-1389-037BE0695223}
		{9A0377A5-387A-48D4-8ED8-DEE8E9A60666} = {DCAC3931-0904-50D7-8020-17720DD92A10}
		{179429BE-50A0-DCBF-958D-C6331441A6DE} = {0AB3BF05-4346-4AA6-1389-037BE0695223}
		{3192BEDE-62EE-46B3-B6E5-0E0F339C0150} = {179429BE-50A0-DCBF-958D-C6331441A6DE}
	EndGlobalSection
EndGlobal
